{
  "requires": true,
  "lockfileVersion": 1,
  "dependencies": {
    "@sentry/browser": {
      "version": "5.15.4",
      "resolved": "https://registry.npmjs.org/@sentry/browser/-/browser-5.15.4.tgz",
      "integrity": "sha512-l/auT1HtZM3KxjCGQHYO/K51ygnlcuOrM+7Ga8gUUbU9ZXDYw6jRi0+Af9aqXKmdDw1naNxr7OCSy6NBrLWVZw==",
      "requires": {
        "@sentry/core": "5.15.4",
        "@sentry/types": "5.15.4",
        "@sentry/utils": "5.15.4",
        "tslib": "^1.9.3"
      }
    },
    "@sentry/core": {
      "version": "5.15.4",
      "resolved": "https://registry.npmjs.org/@sentry/core/-/core-5.15.4.tgz",
      "integrity": "sha512-9KP4NM4SqfV5NixpvAymC7Nvp36Zj4dU2fowmxiq7OIbzTxGXDhwuN/t0Uh8xiqlkpkQqSECZ1OjSFXrBldetQ==",
      "requires": {
        "@sentry/hub": "5.15.4",
        "@sentry/minimal": "5.15.4",
        "@sentry/types": "5.15.4",
        "@sentry/utils": "5.15.4",
        "tslib": "^1.9.3"
      }
    },
    "@sentry/hub": {
      "version": "5.15.4",
      "resolved": "https://registry.npmjs.org/@sentry/hub/-/hub-5.15.4.tgz",
      "integrity": "sha512-1XJ1SVqadkbUT4zLS0TVIVl99si7oHizLmghR8LMFl5wOkGEgehHSoOydQkIAX2C7sJmaF5TZ47ORBHgkqclUg==",
      "requires": {
        "@sentry/types": "5.15.4",
        "@sentry/utils": "5.15.4",
        "tslib": "^1.9.3"
      }
    },
    "@sentry/integrations": {
      "version": "5.15.4",
      "resolved": "https://registry.npmjs.org/@sentry/integrations/-/integrations-5.15.4.tgz",
      "integrity": "sha512-GaEVQf4R+WBJvTOGptOHIFSylnH1JAvBQZ7c45jGIDBp+upqzeI67KD+HoM4sSNT2Y2i8DLTJCWibe34knz5Kw==",
      "requires": {
        "@sentry/types": "5.15.4",
        "@sentry/utils": "5.15.4",
        "tslib": "^1.9.3"
      }
    },
    "@sentry/minimal": {
      "version": "5.15.4",
      "resolved": "https://registry.npmjs.org/@sentry/minimal/-/minimal-5.15.4.tgz",
      "integrity": "sha512-GL4GZ3drS9ge+wmxkHBAMEwulaE7DMvAEfKQPDAjg2p3MfcCMhAYfuY4jJByAC9rg9OwBGGehz7UmhWMFjE0tw==",
      "requires": {
        "@sentry/hub": "5.15.4",
        "@sentry/types": "5.15.4",
        "tslib": "^1.9.3"
      }
    },
    "@sentry/types": {
      "version": "5.15.4",
      "resolved": "https://registry.npmjs.org/@sentry/types/-/types-5.15.4.tgz",
      "integrity": "sha512-quPHPpeAuwID48HLPmqBiyXE3xEiZLZ5D3CEbU3c3YuvvAg8qmfOOTI6z4Z3Eedi7flvYpnx3n7N3dXIEz30Eg=="
    },
    "@sentry/utils": {
      "version": "5.15.4",
      "resolved": "https://registry.npmjs.org/@sentry/utils/-/utils-5.15.4.tgz",
      "integrity": "sha512-lO8SLBjrUDGADl0LOkd55R5oL510d/1SaI08/IBHZCxCUwI4TiYo5EPECq8mrj3XGfgCyq9osw33bymRlIDuSQ==",
      "requires": {
        "@sentry/types": "5.15.4",
        "tslib": "^1.9.3"
      }
    },
    "@zxing/library": {
      "version": "0.16.0",
      "resolved": "https://registry.npmjs.org/@zxing/library/-/library-0.16.0.tgz",
      "integrity": "sha512-z3+kNQDQXXuS1O0Q5AHVFXK9O2j/rG4vCIEnvjW4vTrkyA6HuJKQR3BIKqkbZeiMf4VjDPCbrPk3n8ZSw7n/xw==",
      "requires": {
        "text-encoding": "^0.7.0",
        "ts-custom-error": "^3.0.0"
      }
    },
    "text-encoding": {
      "version": "0.7.0",
      "resolved": "https://registry.npmjs.org/text-encoding/-/text-encoding-0.7.0.tgz",
      "integrity": "sha512-oJQ3f1hrOnbRLOcwKz0Liq2IcrvDeZRHXhd9RgLrsT+DjWY/nty1Hi7v3dtkaEYbPYe0mUoOfzRrMwfXXwgPUA=="
    },
    "ts-custom-error": {
      "version": "3.1.1",
      "resolved": "https://registry.npmjs.org/ts-custom-error/-/ts-custom-error-3.1.1.tgz",
      "integrity": "sha512-f/syoy+pTE4z82qaiRuthEeZtCGNKzlfs0Zc8jpQFcz/CYMaFSwFSdfFt1sSFnPlDLOEm7RCROdIxZ44N8UlwA=="
    },
    "tslib": {
      "version": "1.11.1",
      "resolved": "https://registry.npmjs.org/tslib/-/tslib-1.11.1.tgz",
      "integrity": "sha512-aZW88SY8kQbU7gpV19lN24LtXh/yD4ZZg6qieAJDDg+YBsJcSmLGK9QpnUjAKVG/xefmvJGd1WUmfpT/g6AJGA=="
    },
    "vue-router": {
      "version": "3.1.6",
      "resolved": "https://registry.npmjs.org/vue-router/-/vue-router-3.1.6.tgz",
      "integrity": "sha512-GYhn2ynaZlysZMkFE5oCHRUTqE8BWs/a9YbKpNLi0i7xD6KG1EzDqpHQmv1F5gXjr8kL5iIVS8EOtRaVUEXTqA=="
    }
  }
}
