{
  "requires": true,
  "lockfileVersion": 1,
  "dependencies": {
    "@zxing/library": {
      "version": "0.16.0",
      "resolved": "https://registry.npmjs.org/@zxing/library/-/library-0.16.0.tgz",
      "integrity": "sha512-z3+kNQDQXXuS1O0Q5AHVFXK9O2j/rG4vCIEnvjW4vTrkyA6HuJKQR3BIKqkbZeiMf4VjDPCbrPk3n8ZSw7n/xw==",
      "requires": {
        "text-encoding": "^0.7.0",
        "ts-custom-error": "^3.0.0"
      }
    },
    "text-encoding": {
      "version": "0.7.0",
      "resolved": "https://registry.npmjs.org/text-encoding/-/text-encoding-0.7.0.tgz",
      "integrity": "sha512-oJQ3f1hrOnbRLOcwKz0Liq2IcrvDeZRHXhd9RgLrsT+DjWY/nty1Hi7v3dtkaEYbPYe0mUoOfzRrMwfXXwgPUA==",
      "optional": true
    },
    "ts-custom-error": {
      "version": "3.1.1",
      "resolved": "https://registry.npmjs.org/ts-custom-error/-/ts-custom-error-3.1.1.tgz",
      "integrity": "sha512-f/syoy+pTE4z82qaiRuthEeZtCGNKzlfs0Zc8jpQFcz/CYMaFSwFSdfFt1sSFnPlDLOEm7RCROdIxZ44N8UlwA=="
    },
    "vue-router": {
      "version": "3.1.6",
      "resolved": "https://registry.npmjs.org/vue-router/-/vue-router-3.1.6.tgz",
      "integrity": "sha512-GYhn2ynaZlysZMkFE5oCHRUTqE8BWs/a9YbKpNLi0i7xD6KG1EzDqpHQmv1F5gXjr8kL5iIVS8EOtRaVUEXTqA=="
    }
  }
}
